{
    "_meta": {
        "hash": {
            "sha256": "5cb073b6054a0de40ab36839ae6371c2fb7ba3c1649a0b787e2e19b1b9582a0a"
        },
        "pipfile-spec": 6,
        "requires": {
            "python_full_version": "3.11.6",
            "python_version": "3.11"
        },
        "sources": [
            {
                "name": "pypi",
                "url": "https://pypi.org/simple",
                "verify_ssl": true
            }
        ]
    },
    "default": {
        "asgiref": {
            "hashes": [
                "sha256:3e1e3ecc849832fe52ccf2cb6686b7a55f82bb1d6aee72a58826471390335e47",
                "sha256:c343bd80a0bec947a9860adb4c432ffa7db769836c64238fc34bdc3fec84d590"
            ],
            "markers": "python_version >= '3.8'",
            "version": "==3.8.1"
        },
        "django": {
            "hashes": [
                "sha256:5c7d748ad113a81b2d44750ccc41edc14e933f56581683db548c9257e078cc83",
                "sha256:5fb37580dcf4a262f9258c1f4373819aacca906431f505e4688e37f3a99195df"
            ],
            "index": "pypi",
            "version": "==5.0.3"
        },
        "django-environ": {
            "hashes": [
                "sha256:0ff95ab4344bfeff693836aa978e6840abef2e2f1145adff7735892711590c05",
                "sha256:f32a87aa0899894c27d4e1776fa6b477e8164ed7f6b3e410a62a6d72caaf64be"
            ],
            "index": "pypi",
            "version": "==0.11.2"
        },
        "gunicorn": {
            "hashes": [
                "sha256:3213aa5e8c24949e792bcacfc176fef362e7aac80b76c56f6b5122bf350722f0",
                "sha256:88ec8bff1d634f98e61b9f65bc4bf3cd918a90806c6f5c48bc5603849ec81033"
            ],
            "index": "pypi",
            "version": "==21.2.0"
        },
        "packaging": {
            "hashes": [
                "sha256:2ddfb553fdf02fb784c234c7ba6ccc288296ceabec964ad2eae3777778130bc5",
                "sha256:eb82c5e3e56209074766e6885bb04b8c38a0c015d0a30036ebe7ece34c9989e9"
            ],
            "markers": "python_version >= '3.7'",
            "version": "==24.0"
        },
        "psycopg": {
            "hashes": [
                "sha256:31144d3fb4c17d78094d9e579826f047d4af1da6a10427d91dfcfb6ecdf6f12b",
                "sha256:4d5a0a5a8590906daa58ebd5f3cfc34091377354a1acced269dd10faf55da60e"
            ],
            "index": "pypi",
            "version": "==3.1.18"
        },
        "sqlparse": {
            "hashes": [
                "sha256:5430a4fe2ac7d0f93e66f1efc6e1338a41884b7ddf2a350cedd20ccc4d9d28f3",
                "sha256:d446183e84b8349fa3061f0fe7f06ca94ba65b426946ffebe6e3e8295332420c"
            ],
            "markers": "python_version >= '3.5'",
            "version": "==0.4.4"
        },
        "typing-extensions": {
            "hashes": [
                "sha256:69b1a937c3a517342112fb4c6df7e72fc39a38e7891a5730ed4985b5214b5475",
                "sha256:b0abd7c89e8fb96f98db18d86106ff1d90ab692004eb746cf6eda2682f91b3cb"
            ],
            "markers": "python_version >= '3.8'",
            "version": "==4.10.0"
        }
    },
    "develop": {
        "asgiref": {
            "hashes": [
                "sha256:3e1e3ecc849832fe52ccf2cb6686b7a55f82bb1d6aee72a58826471390335e47",
                "sha256:c343bd80a0bec947a9860adb4c432ffa7db769836c64238fc34bdc3fec84d590"
            ],
            "markers": "python_version >= '3.8'",
            "version": "==3.8.1"
        },
        "astroid": {
            "hashes": [
                "sha256:951798f922990137ac090c53af473db7ab4e70c770e6d7fae0cec59f74411819",
                "sha256:ac248253bfa4bd924a0de213707e7ebeeb3138abeb48d798784ead1e56d419d4"
            ],
            "markers": "python_full_version >= '3.8.0'",
            "version": "==3.1.0"
        },
        "dill": {
            "hashes": [
                "sha256:3ebe3c479ad625c4553aca177444d89b486b1d84982eeacded644afc0cf797ca",
                "sha256:c36ca9ffb54365bdd2f8eb3eff7d2a21237f8452b57ace88b1ac615b7e815bd7"
            ],
            "markers": "python_version >= '3.11'",
            "version": "==0.3.8"
        },
        "django": {
            "hashes": [
                "sha256:5c7d748ad113a81b2d44750ccc41edc14e933f56581683db548c9257e078cc83",
                "sha256:5fb37580dcf4a262f9258c1f4373819aacca906431f505e4688e37f3a99195df"
            ],
            "index": "pypi",
            "version": "==5.0.3"
        },
        "django-stubs": {
            "extras": [
                "compatible-mypy"
            ],
            "hashes": [
                "sha256:4cf4de258fa71adc6f2799e983091b9d46cfc67c6eebc68fe111218c9a62b3b8",
                "sha256:8ccd2ff4ee5adf22b9e3b7b1a516d2e1c2191e9d94e672c35cc2bc3dd61e0f6b"
            ],
            "index": "pypi",
            "version": "==4.2.7"
        },
        "django-stubs-ext": {
            "hashes": [
                "sha256:45a5d102417a412e3606e3c358adb4744988a92b7b58ccf3fd64bddd5d04d14c",
                "sha256:519342ac0849cda1559746c9a563f03ff99f636b0ebe7c14b75e816a00dfddc3"
            ],
            "markers": "python_version >= '3.8'",
            "version": "==4.2.7"
        },
        "flake8": {
            "hashes": [
                "sha256:33f96621059e65eec474169085dc92bf26e7b2d47366b70be2f67ab80dc25132",
                "sha256:a6dfbb75e03252917f2473ea9653f7cd799c3064e54d4c8140044c5c065f53c3"
            ],
            "index": "pypi",
            "version": "==7.0.0"
        },
        "isort": {
            "hashes": [
                "sha256:48fdfcb9face5d58a4f6dde2e72a1fb8dcaf8ab26f95ab49fab84c2ddefb0109",
                "sha256:8ca5e72a8d85860d5a3fa69b8745237f2939afe12dbf656afbcb47fe72d947a6"
            ],
            "markers": "python_full_version >= '3.8.0'",
            "version": "==5.13.2"
        },
        "mccabe": {
            "hashes": [
                "sha256:348e0240c33b60bbdf4e523192ef919f28cb2c3d7d5c7794f74009290f236325",
                "sha256:6c2d30ab6be0e4a46919781807b4f0d834ebdd6c6e3dca0bda5a15f863427b6e"
            ],
            "markers": "python_version >= '3.6'",
            "version": "==0.7.0"
        },
        "mypy": {
            "hashes": [
                "sha256:12cce78e329838d70a204293e7b29af9faa3ab14899aec397798a4b41be7f340",
                "sha256:1484b8fa2c10adf4474f016e09d7a159602f3239075c7bf9f1627f5acf40ad49",
                "sha256:204e0d6de5fd2317394a4eff62065614c4892d5a4d1a7ee55b765d7a3d9e3f82",
                "sha256:2643d145af5292ee956aa0a83c2ce1038a3bdb26e033dadeb2f7066fb0c9abce",
                "sha256:2c6e4464ed5f01dc44dc9821caf67b60a4e5c3b04278286a85c067010653a0eb",
                "sha256:2f7f6985d05a4e3ce8255396df363046c28bea790e40617654e91ed580ca7c51",
                "sha256:31902408f4bf54108bbfb2e35369877c01c95adc6192958684473658c322c8a5",
                "sha256:40716d1f821b89838589e5b3106ebbc23636ffdef5abc31f7cd0266db936067e",
                "sha256:4b901927f16224d0d143b925ce9a4e6b3a758010673eeded9b748f250cf4e8f7",
                "sha256:4fc3d14ee80cd22367caaaf6e014494415bf440980a3045bf5045b525680ac33",
                "sha256:5cf3f0c5ac72139797953bd50bc6c95ac13075e62dbfcc923571180bebb662e9",
                "sha256:6dbdec441c60699288adf051f51a5d512b0d818526d1dcfff5a41f8cd8b4aaf1",
                "sha256:72cf32ce7dd3562373f78bd751f73c96cfb441de147cc2448a92c1a308bd0ca6",
                "sha256:75aa828610b67462ffe3057d4d8a4112105ed211596b750b53cbfe182f44777a",
                "sha256:75c4d2a6effd015786c87774e04331b6da863fc3fc4e8adfc3b40aa55ab516fe",
                "sha256:78e25b2fd6cbb55ddfb8058417df193f0129cad5f4ee75d1502248e588d9e0d7",
                "sha256:84860e06ba363d9c0eeabd45ac0fde4b903ad7aa4f93cd8b648385a888e23200",
                "sha256:8c5091ebd294f7628eb25ea554852a52058ac81472c921150e3a61cdd68f75a7",
                "sha256:944bdc21ebd620eafefc090cdf83158393ec2b1391578359776c00de00e8907a",
                "sha256:9c7ac372232c928fff0645d85f273a726970c014749b924ce5710d7d89763a28",
                "sha256:d9b338c19fa2412f76e17525c1b4f2c687a55b156320acb588df79f2e6fa9fea",
                "sha256:ee5d62d28b854eb61889cde4e1dbc10fbaa5560cb39780c3995f6737f7e82120",
                "sha256:f2c2521a8e4d6d769e3234350ba7b65ff5d527137cdcde13ff4d99114b0c8e7d",
                "sha256:f6efc9bd72258f89a3816e3a98c09d36f079c223aa345c659622f056b760ab42",
                "sha256:f7c5d642db47376a0cc130f0de6d055056e010debdaf0707cd2b0fc7e7ef30ea",
                "sha256:fcb6d9afb1b6208b4c712af0dafdc650f518836065df0d4fb1d800f5d6773db2",
                "sha256:fcd2572dd4519e8a6642b733cd3a8cfc1ef94bafd0c1ceed9c94fe736cb65b6a"
            ],
            "index": "pypi",
            "version": "==1.7.1"
        },
        "mypy-extensions": {
            "hashes": [
                "sha256:4392f6c0eb8a5668a69e23d168ffa70f0be9ccfd32b5cc2d26a34ae5b844552d",
                "sha256:75dbf8955dc00442a438fc4d0666508a9a97b6bd41aa2f0ffe9d2f2725af0782"
            ],
            "markers": "python_version >= '3.5'",
            "version": "==1.0.0"
        },
        "platformdirs": {
            "hashes": [
                "sha256:0614df2a2f37e1a662acbd8e2b25b92ccf8632929bc6d43467e17fe89c75e068",
                "sha256:ef0cc731df711022c174543cb70a9b5bd22e5a9337c8624ef2c2ceb8ddad8768"
            ],
            "markers": "python_version >= '3.8'",
            "version": "==4.2.0"
        },
        "pycodestyle": {
            "hashes": [
                "sha256:41ba0e7afc9752dfb53ced5489e89f8186be00e599e712660695b7a75ff2663f",
                "sha256:44fe31000b2d866f2e41841b18528a505fbd7fef9017b04eff4e2648a0fadc67"
            ],
            "markers": "python_version >= '3.8'",
            "version": "==2.11.1"
        },
        "pyflakes": {
            "hashes": [
                "sha256:1c61603ff154621fb2a9172037d84dca3500def8c8b630657d1701f026f8af3f",
                "sha256:84b5be138a2dfbb40689ca07e2152deb896a65c3a3e24c251c5c62489568074a"
            ],
            "markers": "python_version >= '3.8'",
            "version": "==3.2.0"
        },
        "pylint": {
            "hashes": [
                "sha256:507a5b60953874766d8a366e8e8c7af63e058b26345cfcb5f91f89d987fd6b74",
                "sha256:6a69beb4a6f63debebaab0a3477ecd0f559aa726af4954fc948c51f7a2549e23"
            ],
            "index": "pypi",
            "version": "==3.1.0"
        },
        "pylint-django": {
            "hashes": [
                "sha256:2f339e4bf55776958283395c5139c37700c91bd5ef1d8251ef6ac88b5abbba9b",
                "sha256:5abd5c2228e0e5e2a4cb6d0b4fc1d1cef1e773d0be911412f4dd4fc1a1a440b7"
            ],
            "index": "pypi",
            "version": "==2.5.5"
        },
        "pylint-plugin-utils": {
            "hashes": [
                "sha256:ae11664737aa2effbf26f973a9e0b6779ab7106ec0adc5fe104b0907ca04e507",
                "sha256:d3cebf68a38ba3fba23a873809155562571386d4c1b03e5b4c4cc26c3eee93e4"
            ],
            "markers": "python_version >= '3.7' and python_version < '4.0'",
            "version": "==0.8.2"
        },
        "sqlparse": {
            "hashes": [
                "sha256:5430a4fe2ac7d0f93e66f1efc6e1338a41884b7ddf2a350cedd20ccc4d9d28f3",
                "sha256:d446183e84b8349fa3061f0fe7f06ca94ba65b426946ffebe6e3e8295332420c"
            ],
            "markers": "python_version >= '3.5'",
            "version": "==0.4.4"
        },
        "tomlkit": {
            "hashes": [
                "sha256:5cd82d48a3dd89dee1f9d64420aa20ae65cfbd00668d6f094d7578a78efbb77b",
                "sha256:7ca1cfc12232806517a8515047ba66a19369e71edf2439d0f5824f91032b6cc3"
            ],
            "markers": "python_version >= '3.7'",
            "version": "==0.12.4"
        },
        "types-pytz": {
            "hashes": [
                "sha256:9679eef0365db3af91ef7722c199dbb75ee5c1b67e3c4dd7bfbeb1b8a71c21a3",
                "sha256:c93751ee20dfc6e054a0148f8f5227b9a00b79c90a4d3c9f464711a73179c89e"
            ],
            "markers": "python_version >= '3.8'",
            "version": "==2024.1.0.20240203"
        },
        "types-pyyaml": {
            "hashes": [
                "sha256:a9e0f0f88dc835739b0c1ca51ee90d04ca2a897a71af79de9aec5f38cb0a5342",
                "sha256:b845b06a1c7e54b8e5b4c683043de0d9caf205e7434b3edc678ff2411979b8f6"
            ],
            "markers": "python_version >= '3.8'",
            "version": "==6.0.12.20240311"
        },
        "typing-extensions": {
            "hashes": [
                "sha256:69b1a937c3a517342112fb4c6df7e72fc39a38e7891a5730ed4985b5214b5475",
                "sha256:b0abd7c89e8fb96f98db18d86106ff1d90ab692004eb746cf6eda2682f91b3cb"
            ],
            "markers": "python_version >= '3.8'",
            "version": "==4.10.0"
        }
    }
}
